{
  "name": "accountBookSave",
  "version": "1.0.0",
  "lockfileVersion": 1,
  "requires": true,
  "dependencies": {
    "@hapi/hoek": {
      "version": "9.1.0",
      "resolved": "https://registry.npm.taobao.org/@hapi/hoek/download/@hapi/hoek-9.1.0.tgz",
      "integrity": "sha1-bJ6vx4wVKSSPj02SsHmacStgUsY="
    },
    "@hapi/topo": {
      "version": "5.0.0",
      "resolved": "https://registry.npm.taobao.org/@hapi/topo/download/@hapi/topo-5.0.0.tgz",
      "integrity": "sha1-wZr4V3+jk6BunHe2CZWvlZvnIec=",
      "requires": {
        "@hapi/hoek": "^9.0.0"
      }
    },
    "@sideway/address": {
      "version": "4.1.0",
      "resolved": "https://registry.npm.taobao.org/@sideway/address/download/@sideway/address-4.1.0.tgz",
      "integrity": "sha1-CzAa2hCsTg4/pSXJBhXgthpyt40=",
      "requires": {
        "@hapi/hoek": "^9.0.0"
      }
    },
    "@sideway/formula": {
      "version": "3.0.0",
      "resolved": "https://registry.npm.taobao.org/@sideway/formula/download/@sideway/formula-3.0.0.tgz",
      "integrity": "sha1-/hWK7jLmvV3oUES+YVvAhHigoTw="
    },
    "@sideway/pinpoint": {
      "version": "2.0.0",
      "resolved": "https://registry.npm.taobao.org/@sideway/pinpoint/download/@sideway/pinpoint-2.0.0.tgz",
      "integrity": "sha1-z/j/rcNyrSn9P3gneusp5jLMcN8="
    },
    "joi": {
      "version": "17.3.0",
      "resolved": "https://registry.npm.taobao.org/joi/download/joi-17.3.0.tgz",
      "integrity": "sha1-8b5KbOKbwXFmZYGaw2HfoTn/9dI=",
      "requires": {
        "@hapi/hoek": "^9.0.0",
        "@hapi/topo": "^5.0.0",
        "@sideway/address": "^4.1.0",
        "@sideway/formula": "^3.0.0",
        "@sideway/pinpoint": "^2.0.0"
      }
    }
  }
}
